<?xml version="1.0" encoding="utf-8"?>
<Project ToolsVersion="4.0" xmlns="http://schemas.microsoft.com/developer/msbuild/2003">
  <ItemGroup>
    <Filter Include="Source Files">
      <UniqueIdentifier>{4FC737F1-C7A5-4376-A066-2A32D752A2FF}</UniqueIdentifier>
      <Extensions>cpp;c;cc;cxx;def;odl;idl;hpj;bat;asm;asmx</Extensions>
    </Filter>
    <Filter Include="Header Files">
      <UniqueIdentifier>{93995380-89BD-4b04-88EB-625FBE52EBFB}</UniqueIdentifier>
      <Extensions>h;hh;hpp;hxx;hm;inl;inc;xsd</Extensions>
    </Filter>
    <Filter Include="Resource Files">
      <UniqueIdentifier>{67DA6AB6-F800-4c08-8B7A-83BB121AAD01}</UniqueIdentifier>
      <Extensions>rc;ico;cur;bmp;dlg;rc2;rct;bin;rgs;gif;jpg;jpeg;jpe;resx;tiff;tif;png;wav</Extensions>
    </Filter>
  </ItemGroup>
  <ItemGroup>
    <ClCompile Include="Application.cpp">
      <Filter>Source Files</Filter>
    </ClCompile>
    <ClCompile Include="Camera.cpp">
      <Filter>Source Files</Filter>
    </ClCompile>
    <ClCompile Include="LaplacianSmoothing.cpp">
      <Filter>Source Files</Filter>
    </ClCompile>
    <ClCompile Include="main.cpp">
      <Filter>Source Files</Filter>
    </ClCompile>
    <ClCompile Include="NearestNeighbors.cpp">
      <Filter>Source Files</Filter>
    </ClCompile>
    <ClCompile Include="Scene.cpp">
      <Filter>Source Files</Filter>
    </ClCompile>
    <ClCompile Include="Shader.cpp">
      <Filter>Source Files</Filter>
    </ClCompile>
    <ClCompile Include="ShaderProgram.cpp">
      <Filter>Source Files</Filter>
    </ClCompile>
    <ClCompile Include="TriangleMesh.cpp">
      <Filter>Source Files</Filter>
    </ClCompile>
    <ClCompile Include="gl3w\gl3w.c">
      <Filter>Source Files</Filter>
    </ClCompile>
    <ClCompile Include="imgui\imgui.cpp">
      <Filter>Source Files</Filter>
    </ClCompile>
    <ClCompile Include="imgui\imgui_demo.cpp">
      <Filter>Source Files</Filter>
    </ClCompile>
    <ClCompile Include="imgui\imgui_draw.cpp">
      <Filter>Source Files</Filter>
    </ClCompile>
    <ClCompile Include="imgui\imgui_impl_glut.cpp">
      <Filter>Source Files</Filter>
    </ClCompile>
    <ClCompile Include="imgui\imgui_impl_opengl2.cpp">
      <Filter>Source Files</Filter>
    </ClCompile>
    <ClCompile Include="imgui\imgui_impl_opengl3.cpp">
      <Filter>Source Files</Filter>
    </ClCompile>
    <ClCompile Include="imgui\imgui_widgets.cpp">
      <Filter>Source Files</Filter>
    </ClCompile>
  </ItemGroup>
  <ItemGroup>
    <ClInclude Include="Application.h">
      <Filter>Header Files</Filter>
    </ClInclude>
    <ClInclude Include="Camera.h">
      <Filter>Header Files</Filter>
    </ClInclude>
    <ClInclude Include="LaplacianSmoothing.h">
      <Filter>Header Files</Filter>
    </ClInclude>
    <ClInclude Include="NearestNeighbors.h">
      <Filter>Header Files</Filter>
    </ClInclude>
    <ClInclude Include="Scene.h">
      <Filter>Header Files</Filter>
    </ClInclude>
    <ClInclude Include="Shader.h">
      <Filter>Header Files</Filter>
    </ClInclude>
    <ClInclude Include="ShaderProgram.h">
      <Filter>Header Files</Filter>
    </ClInclude>
    <ClInclude Include="TriangleMesh.h">
      <Filter>Header Files</Filter>
    </ClInclude>
    <ClInclude Include="eigen\eigen\src\cholesky\LDLT.h">
      <Filter>Header Files</Filter>
    </ClInclude>
    <ClInclude Include="eigen\eigen\src\cholesky\LLT.h">
      <Filter>Header Files</Filter>
    </ClInclude>
    <ClInclude Include="eigen\eigen\src\cholesky\LLT_LAPACKE.h">
      <Filter>Header Files</Filter>
    </ClInclude>
    <ClInclude Include="eigen\eigen\src\cholmodsupport\CholmodSupport.h">
      <Filter>Header Files</Filter>
    </ClInclude>
    <ClInclude Include="eigen\eigen\src\core\Array.h">
      <Filter>Header Files</Filter>
    </ClInclude>
    <ClInclude Include="eigen\eigen\src\core\ArrayBase.h">
      <Filter>Header Files</Filter>
    </ClInclude>
    <ClInclude Include="eigen\eigen\src\core\ArrayWrapper.h">
      <Filter>Header Files</Filter>
    </ClInclude>
    <ClInclude Include="eigen\eigen\src\core\Assign.h">
      <Filter>Header Files</Filter>
    </ClInclude>
    <ClInclude Include="eigen\eigen\src\core\AssignEvaluator.h">
      <Filter>Header Files</Filter>
    </ClInclude>
    <ClInclude Include="eigen\eigen\src\core\Assign_MKL.h">
      <Filter>Header Files</Filter>
    </ClInclude>
    <ClInclude Include="eigen\eigen\src\core\BandMatrix.h">
      <Filter>Header Files</Filter>
    </ClInclude>
    <ClInclude Include="eigen\eigen\src\core\Block.h">
      <Filter>Header Files</Filter>
    </ClInclude>
    <ClInclude Include="eigen\eigen\src\core\BooleanRedux.h">
      <Filter>Header Files</Filter>
    </ClInclude>
    <ClInclude Include="eigen\eigen\src\core\CommaInitializer.h">
      <Filter>Header Files</Filter>
    </ClInclude>
    <ClInclude Include="eigen\eigen\src\core\ConditionEstimator.h">
      <Filter>Header Files</Filter>
    </ClInclude>
    <ClInclude Include="eigen\eigen\src\core\CoreEvaluators.h">
      <Filter>Header Files</Filter>
    </ClInclude>
    <ClInclude Include="eigen\eigen\src\core\CoreIterators.h">
      <Filter>Header Files</Filter>
    </ClInclude>
    <ClInclude Include="eigen\eigen\src\core\CwiseBinaryOp.h">
      <Filter>Header Files</Filter>
    </ClInclude>
    <ClInclude Include="eigen\eigen\src\core\CwiseNullaryOp.h">
      <Filter>Header Files</Filter>
    </ClInclude>
    <ClInclude Include="eigen\eigen\src\core\CwiseTernaryOp.h">
      <Filter>Header Files</Filter>
    </ClInclude>
    <ClInclude Include="eigen\eigen\src\core\CwiseUnaryOp.h">
      <Filter>Header Files</Filter>
    </ClInclude>
    <ClInclude Include="eigen\eigen\src\core\CwiseUnaryView.h">
      <Filter>Header Files</Filter>
    </ClInclude>
    <ClInclude Include="eigen\eigen\src\core\DenseBase.h">
      <Filter>Header Files</Filter>
    </ClInclude>
    <ClInclude Include="eigen\eigen\src\core\DenseCoeffsBase.h">
      <Filter>Header Files</Filter>
    </ClInclude>
    <ClInclude Include="eigen\eigen\src\core\DenseStorage.h">
      <Filter>Header Files</Filter>
    </ClInclude>
    <ClInclude Include="eigen\eigen\src\core\Diagonal.h">
      <Filter>Header Files</Filter>
    </ClInclude>
    <ClInclude Include="eigen\eigen\src\core\DiagonalMatrix.h">
      <Filter>Header Files</Filter>
    </ClInclude>
    <ClInclude Include="eigen\eigen\src\core\DiagonalProduct.h">
      <Filter>Header Files</Filter>
    </ClInclude>
    <ClInclude Include="eigen\eigen\src\core\Dot.h">
      <Filter>Header Files</Filter>
    </ClInclude>
    <ClInclude Include="eigen\eigen\src\core\EigenBase.h">
      <Filter>Header Files</Filter>
    </ClInclude>
    <ClInclude Include="eigen\eigen\src\core\ForceAlignedAccess.h">
      <Filter>Header Files</Filter>
    </ClInclude>
    <ClInclude Include="eigen\eigen\src\core\Fuzzy.h">
      <Filter>Header Files</Filter>
    </ClInclude>
    <ClInclude Include="eigen\eigen\src\core\GeneralProduct.h">
      <Filter>Header Files</Filter>
    </ClInclude>
    <ClInclude Include="eigen\eigen\src\core\GenericPacketMath.h">
      <Filter>Header Files</Filter>
    </ClInclude>
    <ClInclude Include="eigen\eigen\src\core\GlobalFunctions.h">
      <Filter>Header Files</Filter>
    </ClInclude>
    <ClInclude Include="eigen\eigen\src\core\Inverse.h">
      <Filter>Header Files</Filter>
    </ClInclude>
    <ClInclude Include="eigen\eigen\src\core\IO.h">
      <Filter>Header Files</Filter>
    </ClInclude>
    <ClInclude Include="eigen\eigen\src\core\Map.h">
      <Filter>Header Files</Filter>
    </ClInclude>
    <ClInclude Include="eigen\eigen\src\core\MapBase.h">
      <Filter>Header Files</Filter>
    </ClInclude>
    <ClInclude Include="eigen\eigen\src\core\MathFunctions.h">
      <Filter>Header Files</Filter>
    </ClInclude>
    <ClInclude Include="eigen\eigen\src\core\MathFunctionsImpl.h">
      <Filter>Header Files</Filter>
    </ClInclude>
    <ClInclude Include="eigen\eigen\src\core\Matrix.h">
      <Filter>Header Files</Filter>
    </ClInclude>
    <ClInclude Include="eigen\eigen\src\core\MatrixBase.h">
      <Filter>Header Files</Filter>
    </ClInclude>
    <ClInclude Include="eigen\eigen\src\core\NestByValue.h">
      <Filter>Header Files</Filter>
    </ClInclude>
    <ClInclude Include="eigen\eigen\src\core\NoAlias.h">
      <Filter>Header Files</Filter>
    </ClInclude>
    <ClInclude Include="eigen\eigen\src\core\NumTraits.h">
      <Filter>Header Files</Filter>
    </ClInclude>
    <ClInclude Include="eigen\eigen\src\core\PermutationMatrix.h">
      <Filter>Header Files</Filter>
    </ClInclude>
    <ClInclude Include="eigen\eigen\src\core\PlainObjectBase.h">
      <Filter>Header Files</Filter>
    </ClInclude>
    <ClInclude Include="eigen\eigen\src\core\Product.h">
      <Filter>Header Files</Filter>
    </ClInclude>
    <ClInclude Include="eigen\eigen\src\core\ProductEvaluators.h">
      <Filter>Header Files</Filter>
    </ClInclude>
    <ClInclude Include="eigen\eigen\src\core\Random.h">
      <Filter>Header Files</Filter>
    </ClInclude>
    <ClInclude Include="eigen\eigen\src\core\Redux.h">
      <Filter>Header Files</Filter>
    </ClInclude>
    <ClInclude Include="eigen\eigen\src\core\Ref.h">
      <Filter>Header Files</Filter>
    </ClInclude>
    <ClInclude Include="eigen\eigen\src\core\Replicate.h">
      <Filter>Header Files</Filter>
    </ClInclude>
    <ClInclude Include="eigen\eigen\src\core\ReturnByValue.h">
      <Filter>Header Files</Filter>
    </ClInclude>
    <ClInclude Include="eigen\eigen\src\core\Reverse.h">
      <Filter>Header Files</Filter>
    </ClInclude>
    <ClInclude Include="eigen\eigen\src\core\Select.h">
      <Filter>Header Files</Filter>
    </ClInclude>
    <ClInclude Include="eigen\eigen\src\core\SelfAdjointView.h">
      <Filter>Header Files</Filter>
    </ClInclude>
    <ClInclude Include="eigen\eigen\src\core\SelfCwiseBinaryOp.h">
      <Filter>Header Files</Filter>
    </ClInclude>
    <ClInclude Include="eigen\eigen\src\core\Solve.h">
      <Filter>Header Files</Filter>
    </ClInclude>
    <ClInclude Include="eigen\eigen\src\core\SolverBase.h">
      <Filter>Header Files</Filter>
    </ClInclude>
    <ClInclude Include="eigen\eigen\src\core\SolveTriangular.h">
      <Filter>Header Files</Filter>
    </ClInclude>
    <ClInclude Include="eigen\eigen\src\core\StableNorm.h">
      <Filter>Header Files</Filter>
    </ClInclude>
    <ClInclude Include="eigen\eigen\src\core\Stride.h">
      <Filter>Header Files</Filter>
    </ClInclude>
    <ClInclude Include="eigen\eigen\src\core\Swap.h">
      <Filter>Header Files</Filter>
    </ClInclude>
    <ClInclude Include="eigen\eigen\src\core\Transpose.h">
      <Filter>Header Files</Filter>
    </ClInclude>
    <ClInclude Include="eigen\eigen\src\core\Transpositions.h">
      <Filter>Header Files</Filter>
    </ClInclude>
    <ClInclude Include="eigen\eigen\src\core\TriangularMatrix.h">
      <Filter>Header Files</Filter>
    </ClInclude>
    <ClInclude Include="eigen\eigen\src\core\VectorBlock.h">
      <Filter>Header Files</Filter>
    </ClInclude>
    <ClInclude Include="eigen\eigen\src\core\VectorwiseOp.h">
      <Filter>Header Files</Filter>
    </ClInclude>
    <ClInclude Include="eigen\eigen\src\core\Visitor.h">
      <Filter>Header Files</Filter>
    </ClInclude>
    <ClInclude Include="eigen\eigen\src\core\arch\altivec\Complex.h">
      <Filter>Header Files</Filter>
    </ClInclude>
    <ClInclude Include="eigen\eigen\src\core\arch\altivec\MathFunctions.h">
      <Filter>Header Files</Filter>
    </ClInclude>
    <ClInclude Include="eigen\eigen\src\core\arch\altivec\PacketMath.h">
      <Filter>Header Files</Filter>
    </ClInclude>
    <ClInclude Include="eigen\eigen\src\core\arch\avx\Complex.h">
      <Filter>Header Files</Filter>
    </ClInclude>
    <ClInclude Include="eigen\eigen\src\core\arch\avx\MathFunctions.h">
      <Filter>Header Files</Filter>
    </ClInclude>
    <ClInclude Include="eigen\eigen\src\core\arch\avx\PacketMath.h">
      <Filter>Header Files</Filter>
    </ClInclude>
    <ClInclude Include="eigen\eigen\src\core\arch\avx\TypeCasting.h">
      <Filter>Header Files</Filter>
    </ClInclude>
    <ClInclude Include="eigen\eigen\src\core\arch\avx512\MathFunctions.h">
      <Filter>Header Files</Filter>
    </ClInclude>
    <ClInclude Include="eigen\eigen\src\core\arch\avx512\PacketMath.h">
      <Filter>Header Files</Filter>
    </ClInclude>
    <ClInclude Include="eigen\eigen\src\core\arch\cuda\Complex.h">
      <Filter>Header Files</Filter>
    </ClInclude>
    <ClInclude Include="eigen\eigen\src\core\arch\cuda\Half.h">
      <Filter>Header Files</Filter>
    </ClInclude>
    <ClInclude Include="eigen\eigen\src\core\arch\cuda\MathFunctions.h">
      <Filter>Header Files</Filter>
    </ClInclude>
    <ClInclude Include="eigen\eigen\src\core\arch\cuda\PacketMath.h">
      <Filter>Header Files</Filter>
    </ClInclude>
    <ClInclude Include="eigen\eigen\src\core\arch\cuda\PacketMathHalf.h">
      <Filter>Header Files</Filter>
    </ClInclude>
    <ClInclude Include="eigen\eigen\src\core\arch\cuda\TypeCasting.h">
      <Filter>Header Files</Filter>
    </ClInclude>
    <ClInclude Include="eigen\eigen\src\core\arch\default\ConjHelper.h">
      <Filter>Header Files</Filter>
    </ClInclude>
    <ClInclude Include="eigen\eigen\src\core\arch\default\Settings.h">
      <Filter>Header Files</Filter>
    </ClInclude>
    <ClInclude Include="eigen\eigen\src\core\arch\neon\Complex.h">
      <Filter>Header Files</Filter>
    </ClInclude>
    <ClInclude Include="eigen\eigen\src\core\arch\neon\MathFunctions.h">
      <Filter>Header Files</Filter>
    </ClInclude>
    <ClInclude Include="eigen\eigen\src\core\arch\neon\PacketMath.h">
      <Filter>Header Files</Filter>
    </ClInclude>
    <ClInclude Include="eigen\eigen\src\core\arch\sse\Complex.h">
      <Filter>Header Files</Filter>
    </ClInclude>
    <ClInclude Include="eigen\eigen\src\core\arch\sse\MathFunctions.h">
      <Filter>Header Files</Filter>
    </ClInclude>
    <ClInclude Include="eigen\eigen\src\core\arch\sse\PacketMath.h">
      <Filter>Header Files</Filter>
    </ClInclude>
    <ClInclude Include="eigen\eigen\src\core\arch\sse\TypeCasting.h">
      <Filter>Header Files</Filter>
    </ClInclude>
    <ClInclude Include="eigen\eigen\src\core\arch\zvector\Complex.h">
      <Filter>Header Files</Filter>
    </ClInclude>
    <ClInclude Include="eigen\eigen\src\core\arch\zvector\MathFunctions.h">
      <Filter>Header Files</Filter>
    </ClInclude>
    <ClInclude Include="eigen\eigen\src\core\arch\zvector\PacketMath.h">
      <Filter>Header Files</Filter>
    </ClInclude>
    <ClInclude Include="eigen\eigen\src\core\functors\AssignmentFunctors.h">
      <Filter>Header Files</Filter>
    </ClInclude>
    <ClInclude Include="eigen\eigen\src\core\functors\BinaryFunctors.h">
      <Filter>Header Files</Filter>
    </ClInclude>
    <ClInclude Include="eigen\eigen\src\core\functors\NullaryFunctors.h">
      <Filter>Header Files</Filter>
    </ClInclude>
    <ClInclude Include="eigen\eigen\src\core\functors\StlFunctors.h">
      <Filter>Header Files</Filter>
    </ClInclude>
    <ClInclude Include="eigen\eigen\src\core\functors\TernaryFunctors.h">
      <Filter>Header Files</Filter>
    </ClInclude>
    <ClInclude Include="eigen\eigen\src\core\functors\UnaryFunctors.h">
      <Filter>Header Files</Filter>
    </ClInclude>
    <ClInclude Include="eigen\eigen\src\core\products\GeneralBlockPanelKernel.h">
      <Filter>Header Files</Filter>
    </ClInclude>
    <ClInclude Include="eigen\eigen\src\core\products\GeneralMatrixMatrix.h">
      <Filter>Header Files</Filter>
    </ClInclude>
    <ClInclude Include="eigen\eigen\src\core\products\GeneralMatrixMatrixTriangular.h">
      <Filter>Header Files</Filter>
    </ClInclude>
    <ClInclude Include="eigen\eigen\src\core\products\GeneralMatrixMatrixTriangular_BLAS.h">
      <Filter>Header Files</Filter>
    </ClInclude>
    <ClInclude Include="eigen\eigen\src\core\products\GeneralMatrixMatrix_BLAS.h">
      <Filter>Header Files</Filter>
    </ClInclude>
    <ClInclude Include="eigen\eigen\src\core\products\GeneralMatrixVector.h">
      <Filter>Header Files</Filter>
    </ClInclude>
    <ClInclude Include="eigen\eigen\src\core\products\GeneralMatrixVector_BLAS.h">
      <Filter>Header Files</Filter>
    </ClInclude>
    <ClInclude Include="eigen\eigen\src\core\products\Parallelizer.h">
      <Filter>Header Files</Filter>
    </ClInclude>
    <ClInclude Include="eigen\eigen\src\core\products\SelfadjointMatrixMatrix.h">
      <Filter>Header Files</Filter>
    </ClInclude>
    <ClInclude Include="eigen\eigen\src\core\products\SelfadjointMatrixMatrix_BLAS.h">
      <Filter>Header Files</Filter>
    </ClInclude>
    <ClInclude Include="eigen\eigen\src\core\products\SelfadjointMatrixVector.h">
      <Filter>Header Files</Filter>
    </ClInclude>
    <ClInclude Include="eigen\eigen\src\core\products\SelfadjointMatrixVector_BLAS.h">
      <Filter>Header Files</Filter>
    </ClInclude>
    <ClInclude Include="eigen\eigen\src\core\products\SelfadjointProduct.h">
      <Filter>Header Files</Filter>
    </ClInclude>
    <ClInclude Include="eigen\eigen\src\core\products\SelfadjointRank2Update.h">
      <Filter>Header Files</Filter>
    </ClInclude>
    <ClInclude Include="eigen\eigen\src\core\products\TriangularMatrixMatrix.h">
      <Filter>Header Files</Filter>
    </ClInclude>
    <ClInclude Include="eigen\eigen\src\core\products\TriangularMatrixMatrix_BLAS.h">
      <Filter>Header Files</Filter>
    </ClInclude>
    <ClInclude Include="eigen\eigen\src\core\products\TriangularMatrixVector.h">
      <Filter>Header Files</Filter>
    </ClInclude>
    <ClInclude Include="eigen\eigen\src\core\products\TriangularMatrixVector_BLAS.h">
      <Filter>Header Files</Filter>
    </ClInclude>
    <ClInclude Include="eigen\eigen\src\core\products\TriangularSolverMatrix.h">
      <Filter>Header Files</Filter>
    </ClInclude>
    <ClInclude Include="eigen\eigen\src\core\products\TriangularSolverMatrix_BLAS.h">
      <Filter>Header Files</Filter>
    </ClInclude>
    <ClInclude Include="eigen\eigen\src\core\products\TriangularSolverVector.h">
      <Filter>Header Files</Filter>
    </ClInclude>
    <ClInclude Include="eigen\eigen\src\core\util\BlasUtil.h">
      <Filter>Header Files</Filter>
    </ClInclude>
    <ClInclude Include="eigen\eigen\src\core\util\Constants.h">
      <Filter>Header Files</Filter>
    </ClInclude>
    <ClInclude Include="eigen\eigen\src\core\util\DisableStupidWarnings.h">
      <Filter>Header Files</Filter>
    </ClInclude>
    <ClInclude Include="eigen\eigen\src\core\util\ForwardDeclarations.h">
      <Filter>Header Files</Filter>
    </ClInclude>
    <ClInclude Include="eigen\eigen\src\core\util\Macros.h">
      <Filter>Header Files</Filter>
    </ClInclude>
    <ClInclude Include="eigen\eigen\src\core\util\Memory.h">
      <Filter>Header Files</Filter>
    </ClInclude>
    <ClInclude Include="eigen\eigen\src\core\util\Meta.h">
      <Filter>Header Files</Filter>
    </ClInclude>
    <ClInclude Include="eigen\eigen\src\core\util\MKL_support.h">
      <Filter>Header Files</Filter>
    </ClInclude>
    <ClInclude Include="eigen\eigen\src\core\util\NonMPL2.h">
      <Filter>Header Files</Filter>
    </ClInclude>
    <ClInclude Include="eigen\eigen\src\core\util\ReenableStupidWarnings.h">
      <Filter>Header Files</Filter>
    </ClInclude>
    <ClInclude Include="eigen\eigen\src\core\util\StaticAssert.h">
      <Filter>Header Files</Filter>
    </ClInclude>
    <ClInclude Include="eigen\eigen\src\core\util\XprHelper.h">
      <Filter>Header Files</Filter>
    </ClInclude>
    <ClInclude Include="eigen\eigen\src\eigenvalues\ComplexEigenSolver.h">
      <Filter>Header Files</Filter>
    </ClInclude>
    <ClInclude Include="eigen\eigen\src\eigenvalues\ComplexSchur.h">
      <Filter>Header Files</Filter>
    </ClInclude>
    <ClInclude Include="eigen\eigen\src\eigenvalues\ComplexSchur_LAPACKE.h">
      <Filter>Header Files</Filter>
    </ClInclude>
    <ClInclude Include="eigen\eigen\src\eigenvalues\EigenSolver.h">
      <Filter>Header Files</Filter>
    </ClInclude>
    <ClInclude Include="eigen\eigen\src\eigenvalues\GeneralizedEigenSolver.h">
      <Filter>Header Files</Filter>
    </ClInclude>
    <ClInclude Include="eigen\eigen\src\eigenvalues\GeneralizedSelfAdjointEigenSolver.h">
      <Filter>Header Files</Filter>
    </ClInclude>
    <ClInclude Include="eigen\eigen\src\eigenvalues\HessenbergDecomposition.h">
      <Filter>Header Files</Filter>
    </ClInclude>
    <ClInclude Include="eigen\eigen\src\eigenvalues\MatrixBaseEigenvalues.h">
      <Filter>Header Files</Filter>
    </ClInclude>
    <ClInclude Include="eigen\eigen\src\eigenvalues\RealQZ.h">
      <Filter>Header Files</Filter>
    </ClInclude>
    <ClInclude Include="eigen\eigen\src\eigenvalues\RealSchur.h">
      <Filter>Header Files</Filter>
    </ClInclude>
    <ClInclude Include="eigen\eigen\src\eigenvalues\RealSchur_LAPACKE.h">
      <Filter>Header Files</Filter>
    </ClInclude>
    <ClInclude Include="eigen\eigen\src\eigenvalues\SelfAdjointEigenSolver.h">
      <Filter>Header Files</Filter>
    </ClInclude>
    <ClInclude Include="eigen\eigen\src\eigenvalues\SelfAdjointEigenSolver_LAPACKE.h">
      <Filter>Header Files</Filter>
    </ClInclude>
    <ClInclude Include="eigen\eigen\src\eigenvalues\Tridiagonalization.h">
      <Filter>Header Files</Filter>
    </ClInclude>
    <ClInclude Include="eigen\eigen\src\geometry\AlignedBox.h">
      <Filter>Header Files</Filter>
    </ClInclude>
    <ClInclude Include="eigen\eigen\src\geometry\AngleAxis.h">
      <Filter>Header Files</Filter>
    </ClInclude>
    <ClInclude Include="eigen\eigen\src\geometry\EulerAngles.h">
      <Filter>Header Files</Filter>
    </ClInclude>
    <ClInclude Include="eigen\eigen\src\geometry\Homogeneous.h">
      <Filter>Header Files</Filter>
    </ClInclude>
    <ClInclude Include="eigen\eigen\src\geometry\Hyperplane.h">
      <Filter>Header Files</Filter>
    </ClInclude>
    <ClInclude Include="eigen\eigen\src\geometry\OrthoMethods.h">
      <Filter>Header Files</Filter>
    </ClInclude>
    <ClInclude Include="eigen\eigen\src\geometry\ParametrizedLine.h">
      <Filter>Header Files</Filter>
    </ClInclude>
    <ClInclude Include="eigen\eigen\src\geometry\Quaternion.h">
      <Filter>Header Files</Filter>
    </ClInclude>
    <ClInclude Include="eigen\eigen\src\geometry\Rotation2D.h">
      <Filter>Header Files</Filter>
    </ClInclude>
    <ClInclude Include="eigen\eigen\src\geometry\RotationBase.h">
      <Filter>Header Files</Filter>
    </ClInclude>
    <ClInclude Include="eigen\eigen\src\geometry\Scaling.h">
      <Filter>Header Files</Filter>
    </ClInclude>
    <ClInclude Include="eigen\eigen\src\geometry\Transform.h">
      <Filter>Header Files</Filter>
    </ClInclude>
    <ClInclude Include="eigen\eigen\src\geometry\Translation.h">
      <Filter>Header Files</Filter>
    </ClInclude>
    <ClInclude Include="eigen\eigen\src\geometry\Umeyama.h">
      <Filter>Header Files</Filter>
    </ClInclude>
    <ClInclude Include="eigen\eigen\src\geometry\arch\Geometry_SSE.h">
      <Filter>Header Files</Filter>
    </ClInclude>
    <ClInclude Include="eigen\eigen\src\householder\BlockHouseholder.h">
      <Filter>Header Files</Filter>
    </ClInclude>
    <ClInclude Include="eigen\eigen\src\householder\Householder.h">
      <Filter>Header Files</Filter>
    </ClInclude>
    <ClInclude Include="eigen\eigen\src\householder\HouseholderSequence.h">
      <Filter>Header Files</Filter>
    </ClInclude>
    <ClInclude Include="eigen\eigen\src\iterativelinearsolvers\BasicPreconditioners.h">
      <Filter>Header Files</Filter>
    </ClInclude>
    <ClInclude Include="eigen\eigen\src\iterativelinearsolvers\BiCGSTAB.h">
      <Filter>Header Files</Filter>
    </ClInclude>
    <ClInclude Include="eigen\eigen\src\iterativelinearsolvers\ConjugateGradient.h">
      <Filter>Header Files</Filter>
    </ClInclude>
    <ClInclude Include="eigen\eigen\src\iterativelinearsolvers\IncompleteCholesky.h">
      <Filter>Header Files</Filter>
    </ClInclude>
    <ClInclude Include="eigen\eigen\src\iterativelinearsolvers\IncompleteLUT.h">
      <Filter>Header Files</Filter>
    </ClInclude>
    <ClInclude Include="eigen\eigen\src\iterativelinearsolvers\IterativeSolverBase.h">
      <Filter>Header Files</Filter>
    </ClInclude>
    <ClInclude Include="eigen\eigen\src\iterativelinearsolvers\LeastSquareConjugateGradient.h">
      <Filter>Header Files</Filter>
    </ClInclude>
    <ClInclude Include="eigen\eigen\src\iterativelinearsolvers\SolveWithGuess.h">
      <Filter>Header Files</Filter>
    </ClInclude>
    <ClInclude Include="eigen\eigen\src\jacobi\Jacobi.h">
      <Filter>Header Files</Filter>
    </ClInclude>
    <ClInclude Include="eigen\eigen\src\lu\Determinant.h">
      <Filter>Header Files</Filter>
    </ClInclude>
    <ClInclude Include="eigen\eigen\src\lu\FullPivLU.h">
      <Filter>Header Files</Filter>
    </ClInclude>
    <ClInclude Include="eigen\eigen\src\lu\InverseImpl.h">
      <Filter>Header Files</Filter>
    </ClInclude>
    <ClInclude Include="eigen\eigen\src\lu\PartialPivLU.h">
      <Filter>Header Files</Filter>
    </ClInclude>
    <ClInclude Include="eigen\eigen\src\lu\PartialPivLU_LAPACKE.h">
      <Filter>Header Files</Filter>
    </ClInclude>
    <ClInclude Include="eigen\eigen\src\lu\arch\Inverse_SSE.h">
      <Filter>Header Files</Filter>
    </ClInclude>
    <ClInclude Include="eigen\eigen\src\metissupport\MetisSupport.h">
      <Filter>Header Files</Filter>
    </ClInclude>
    <ClInclude Include="eigen\eigen\src\misc\blas.h">
      <Filter>Header Files</Filter>
    </ClInclude>
    <ClInclude Include="eigen\eigen\src\misc\Image.h">
      <Filter>Header Files</Filter>
    </ClInclude>
    <ClInclude Include="eigen\eigen\src\misc\Kernel.h">
      <Filter>Header Files</Filter>
    </ClInclude>
    <ClInclude Include="eigen\eigen\src\misc\lapack.h">
      <Filter>Header Files</Filter>
    </ClInclude>
    <ClInclude Include="eigen\eigen\src\misc\lapacke.h">
      <Filter>Header Files</Filter>
    </ClInclude>
    <ClInclude Include="eigen\eigen\src\misc\lapacke_mangling.h">
      <Filter>Header Files</Filter>
    </ClInclude>
    <ClInclude Include="eigen\eigen\src\misc\RealSvd2x2.h">
      <Filter>Header Files</Filter>
    </ClInclude>
    <ClInclude Include="eigen\eigen\src\orderingmethods\Amd.h">
      <Filter>Header Files</Filter>
    </ClInclude>
    <ClInclude Include="eigen\eigen\src\orderingmethods\Eigen_Colamd.h">
      <Filter>Header Files</Filter>
    </ClInclude>
    <ClInclude Include="eigen\eigen\src\orderingmethods\Ordering.h">
      <Filter>Header Files</Filter>
    </ClInclude>
    <ClInclude Include="eigen\eigen\src\pardisosupport\PardisoSupport.h">
      <Filter>Header Files</Filter>
    </ClInclude>
    <ClInclude Include="eigen\eigen\src\pastixsupport\PaStiXSupport.h">
      <Filter>Header Files</Filter>
    </ClInclude>
    <ClInclude Include="eigen\eigen\src\plugins\ArrayCwiseBinaryOps.h">
      <Filter>Header Files</Filter>
    </ClInclude>
    <ClInclude Include="eigen\eigen\src\plugins\ArrayCwiseUnaryOps.h">
      <Filter>Header Files</Filter>
    </ClInclude>
    <ClInclude Include="eigen\eigen\src\plugins\BlockMethods.h">
      <Filter>Header Files</Filter>
    </ClInclude>
    <ClInclude Include="eigen\eigen\src\plugins\CommonCwiseBinaryOps.h">
      <Filter>Header Files</Filter>
    </ClInclude>
    <ClInclude Include="eigen\eigen\src\plugins\CommonCwiseUnaryOps.h">
      <Filter>Header Files</Filter>
    </ClInclude>
    <ClInclude Include="eigen\eigen\src\plugins\MatrixCwiseBinaryOps.h">
      <Filter>Header Files</Filter>
    </ClInclude>
    <ClInclude Include="eigen\eigen\src\plugins\MatrixCwiseUnaryOps.h">
      <Filter>Header Files</Filter>
    </ClInclude>
    <ClInclude Include="eigen\eigen\src\qr\ColPivHouseholderQR.h">
      <Filter>Header Files</Filter>
    </ClInclude>
    <ClInclude Include="eigen\eigen\src\qr\ColPivHouseholderQR_LAPACKE.h">
      <Filter>Header Files</Filter>
    </ClInclude>
    <ClInclude Include="eigen\eigen\src\qr\CompleteOrthogonalDecomposition.h">
      <Filter>Header Files</Filter>
    </ClInclude>
    <ClInclude Include="eigen\eigen\src\qr\FullPivHouseholderQR.h">
      <Filter>Header Files</Filter>
    </ClInclude>
    <ClInclude Include="eigen\eigen\src\qr\HouseholderQR.h">
      <Filter>Header Files</Filter>
    </ClInclude>
    <ClInclude Include="eigen\eigen\src\qr\HouseholderQR_LAPACKE.h">
      <Filter>Header Files</Filter>
    </ClInclude>
    <ClInclude Include="eigen\eigen\src\sparsecholesky\SimplicialCholesky.h">
      <Filter>Header Files</Filter>
    </ClInclude>
    <ClInclude Include="eigen\eigen\src\sparsecholesky\SimplicialCholesky_impl.h">
      <Filter>Header Files</Filter>
    </ClInclude>
    <ClInclude Include="eigen\eigen\src\sparsecore\AmbiVector.h">
      <Filter>Header Files</Filter>
    </ClInclude>
    <ClInclude Include="eigen\eigen\src\sparsecore\CompressedStorage.h">
      <Filter>Header Files</Filter>
    </ClInclude>
    <ClInclude Include="eigen\eigen\src\sparsecore\ConservativeSparseSparseProduct.h">
      <Filter>Header Files</Filter>
    </ClInclude>
    <ClInclude Include="eigen\eigen\src\sparsecore\MappedSparseMatrix.h">
      <Filter>Header Files</Filter>
    </ClInclude>
    <ClInclude Include="eigen\eigen\src\sparsecore\SparseAssign.h">
      <Filter>Header Files</Filter>
    </ClInclude>
    <ClInclude Include="eigen\eigen\src\sparsecore\SparseBlock.h">
      <Filter>Header Files</Filter>
    </ClInclude>
    <ClInclude Include="eigen\eigen\src\sparsecore\SparseColEtree.h">
      <Filter>Header Files</Filter>
    </ClInclude>
    <ClInclude Include="eigen\eigen\src\sparsecore\SparseCompressedBase.h">
      <Filter>Header Files</Filter>
    </ClInclude>
    <ClInclude Include="eigen\eigen\src\sparsecore\SparseCwiseBinaryOp.h">
      <Filter>Header Files</Filter>
    </ClInclude>
    <ClInclude Include="eigen\eigen\src\sparsecore\SparseCwiseUnaryOp.h">
      <Filter>Header Files</Filter>
    </ClInclude>
    <ClInclude Include="eigen\eigen\src\sparsecore\SparseDenseProduct.h">
      <Filter>Header Files</Filter>
    </ClInclude>
    <ClInclude Include="eigen\eigen\src\sparsecore\SparseDiagonalProduct.h">
      <Filter>Header Files</Filter>
    </ClInclude>
    <ClInclude Include="eigen\eigen\src\sparsecore\SparseDot.h">
      <Filter>Header Files</Filter>
    </ClInclude>
    <ClInclude Include="eigen\eigen\src\sparsecore\SparseFuzzy.h">
      <Filter>Header Files</Filter>
    </ClInclude>
    <ClInclude Include="eigen\eigen\src\sparsecore\SparseMap.h">
      <Filter>Header Files</Filter>
    </ClInclude>
    <ClInclude Include="eigen\eigen\src\sparsecore\SparseMatrix.h">
      <Filter>Header Files</Filter>
    </ClInclude>
    <ClInclude Include="eigen\eigen\src\sparsecore\SparseMatrixBase.h">
      <Filter>Header Files</Filter>
    </ClInclude>
    <ClInclude Include="eigen\eigen\src\sparsecore\SparsePermutation.h">
      <Filter>Header Files</Filter>
    </ClInclude>
    <ClInclude Include="eigen\eigen\src\sparsecore\SparseProduct.h">
      <Filter>Header Files</Filter>
    </ClInclude>
    <ClInclude Include="eigen\eigen\src\sparsecore\SparseRedux.h">
      <Filter>Header Files</Filter>
    </ClInclude>
    <ClInclude Include="eigen\eigen\src\sparsecore\SparseRef.h">
      <Filter>Header Files</Filter>
    </ClInclude>
    <ClInclude Include="eigen\eigen\src\sparsecore\SparseSelfAdjointView.h">
      <Filter>Header Files</Filter>
    </ClInclude>
    <ClInclude Include="eigen\eigen\src\sparsecore\SparseSolverBase.h">
      <Filter>Header Files</Filter>
    </ClInclude>
    <ClInclude Include="eigen\eigen\src\sparsecore\SparseSparseProductWithPruning.h">
      <Filter>Header Files</Filter>
    </ClInclude>
    <ClInclude Include="eigen\eigen\src\sparsecore\SparseTranspose.h">
      <Filter>Header Files</Filter>
    </ClInclude>
    <ClInclude Include="eigen\eigen\src\sparsecore\SparseTriangularView.h">
      <Filter>Header Files</Filter>
    </ClInclude>
    <ClInclude Include="eigen\eigen\src\sparsecore\SparseUtil.h">
      <Filter>Header Files</Filter>
    </ClInclude>
    <ClInclude Include="eigen\eigen\src\sparsecore\SparseVector.h">
      <Filter>Header Files</Filter>
    </ClInclude>
    <ClInclude Include="eigen\eigen\src\sparsecore\SparseView.h">
      <Filter>Header Files</Filter>
    </ClInclude>
    <ClInclude Include="eigen\eigen\src\sparsecore\TriangularSolver.h">
      <Filter>Header Files</Filter>
    </ClInclude>
    <ClInclude Include="eigen\eigen\src\sparselu\SparseLU.h">
      <Filter>Header Files</Filter>
    </ClInclude>
    <ClInclude Include="eigen\eigen\src\sparselu\SparseLUImpl.h">
      <Filter>Header Files</Filter>
    </ClInclude>
    <ClInclude Include="eigen\eigen\src\sparselu\SparseLU_column_bmod.h">
      <Filter>Header Files</Filter>
    </ClInclude>
    <ClInclude Include="eigen\eigen\src\sparselu\SparseLU_column_dfs.h">
      <Filter>Header Files</Filter>
    </ClInclude>
    <ClInclude Include="eigen\eigen\src\sparselu\SparseLU_copy_to_ucol.h">
      <Filter>Header Files</Filter>
    </ClInclude>
    <ClInclude Include="eigen\eigen\src\sparselu\SparseLU_gemm_kernel.h">
      <Filter>Header Files</Filter>
    </ClInclude>
    <ClInclude Include="eigen\eigen\src\sparselu\SparseLU_heap_relax_snode.h">
      <Filter>Header Files</Filter>
    </ClInclude>
    <ClInclude Include="eigen\eigen\src\sparselu\SparseLU_kernel_bmod.h">
      <Filter>Header Files</Filter>
    </ClInclude>
    <ClInclude Include="eigen\eigen\src\sparselu\SparseLU_Memory.h">
      <Filter>Header Files</Filter>
    </ClInclude>
    <ClInclude Include="eigen\eigen\src\sparselu\SparseLU_panel_bmod.h">
      <Filter>Header Files</Filter>
    </ClInclude>
    <ClInclude Include="eigen\eigen\src\sparselu\SparseLU_panel_dfs.h">
      <Filter>Header Files</Filter>
    </ClInclude>
    <ClInclude Include="eigen\eigen\src\sparselu\SparseLU_pivotL.h">
      <Filter>Header Files</Filter>
    </ClInclude>
    <ClInclude Include="eigen\eigen\src\sparselu\SparseLU_pruneL.h">
      <Filter>Header Files</Filter>
    </ClInclude>
    <ClInclude Include="eigen\eigen\src\sparselu\SparseLU_relax_snode.h">
      <Filter>Header Files</Filter>
    </ClInclude>
    <ClInclude Include="eigen\eigen\src\sparselu\SparseLU_Structs.h">
      <Filter>Header Files</Filter>
    </ClInclude>
    <ClInclude Include="eigen\eigen\src\sparselu\SparseLU_SupernodalMatrix.h">
      <Filter>Header Files</Filter>
    </ClInclude>
    <ClInclude Include="eigen\eigen\src\sparselu\SparseLU_Utils.h">
      <Filter>Header Files</Filter>
    </ClInclude>
    <ClInclude Include="eigen\eigen\src\sparseqr\SparseQR.h">
      <Filter>Header Files</Filter>
    </ClInclude>
    <ClInclude Include="eigen\eigen\src\spqrsupport\SuiteSparseQRSupport.h">
      <Filter>Header Files</Filter>
    </ClInclude>
    <ClInclude Include="eigen\eigen\src\stlsupport\details.h">
      <Filter>Header Files</Filter>
    </ClInclude>
    <ClInclude Include="eigen\eigen\src\stlsupport\StdDeque.h">
      <Filter>Header Files</Filter>
    </ClInclude>
    <ClInclude Include="eigen\eigen\src\stlsupport\StdList.h">
      <Filter>Header Files</Filter>
    </ClInclude>
    <ClInclude Include="eigen\eigen\src\stlsupport\StdVector.h">
      <Filter>Header Files</Filter>
    </ClInclude>
    <ClInclude Include="eigen\eigen\src\superlusupport\SuperLUSupport.h">
      <Filter>Header Files</Filter>
    </ClInclude>
    <ClInclude Include="eigen\eigen\src\svd\BDCSVD.h">
      <Filter>Header Files</Filter>
    </ClInclude>
    <ClInclude Include="eigen\eigen\src\svd\JacobiSVD.h">
      <Filter>Header Files</Filter>
    </ClInclude>
    <ClInclude Include="eigen\eigen\src\svd\JacobiSVD_LAPACKE.h">
      <Filter>Header Files</Filter>
    </ClInclude>
    <ClInclude Include="eigen\eigen\src\svd\SVDBase.h">
      <Filter>Header Files</Filter>
    </ClInclude>
    <ClInclude Include="eigen\eigen\src\svd\UpperBidiagonalization.h">
      <Filter>Header Files</Filter>
    </ClInclude>
    <ClInclude Include="eigen\eigen\src\umfpacksupport\UmfPackSupport.h">
      <Filter>Header Files</Filter>
    </ClInclude>
    <ClInclude Include="gl3w\gl\gl3w.h">
      <Filter>Header Files</Filter>
    </ClInclude>
    <ClInclude Include="gl3w\gl\glcorearb.h">
      <Filter>Header Files</Filter>
    </ClInclude>
    <ClInclude Include="imgui\imconfig.h">
      <Filter>Header Files</Filter>
    </ClInclude>
    <ClInclude Include="imgui\imgui.h">
      <Filter>Header Files</Filter>
    </ClInclude>
    <ClInclude Include="imgui\imgui_impl_glut.h">
      <Filter>Header Files</Filter>
    </ClInclude>
    <ClInclude Include="imgui\imgui_impl_opengl2.h">
      <Filter>Header Files</Filter>
    </ClInclude>
    <ClInclude Include="imgui\imgui_impl_opengl3.h">
      <Filter>Header Files</Filter>
    </ClInclude>
    <ClInclude Include="imgui\imgui_internal.h">
      <Filter>Header Files</Filter>
    </ClInclude>
    <ClInclude Include="imgui\imstb_rectpack.h">
      <Filter>Header Files</Filter>
    </ClInclude>
    <ClInclude Include="imgui\imstb_textedit.h">
      <Filter>Header Files</Filter>
    </ClInclude>
    <ClInclude Include="imgui\imstb_truetype.h">
      <Filter>Header Files</Filter>
    </ClInclude>
    <ClInclude Include="nanoflann\nanoflann.hpp">
      <Filter>Header Files</Filter>
    </ClInclude>
  </ItemGroup>
</Project>